
Microsoft Visual Studio Solution File, Format Version 12.00
# Visual Studio Version 17
VisualStudioVersion = 17.10.35013.160
MinimumVisualStudioVersion = 10.0.40219.1
Project("{8BC9CEB8-8B4A-11D0-8D11-00A0C91BC942}") = "DataContainers", "DataContainers\DataContainers.vcxproj", "{37A2B0BE-2677-4B85-9BC8-C1328726204E}"
EndProject
Project("{8BC9CEB8-8B4A-11D0-8D11-00A0C91BC942}") = "ForwardList", "ForwardList\ForwardList.vcxproj", "{758F8DC6-8022-449C-9ADF-D87CE203132C}"
EndProject
Project("{8BC9CEB8-8B4A-11D0-8D11-00A0C91BC942}") = "List 2", "List 2\List 2.vcxproj", "{7EB70650-3F2D-4719-8124-0B4DFC2025B8}"
EndProject
Project("{8BC9CEB8-8B4A-11D0-8D11-00A0C91BC942}") = "My List2", "My List2\My List2.vcxproj", "{85A90BE4-8F44-4833-829E-46E1FB3E2343}"
EndProject
Project("{8BC9CEB8-8B4A-11D0-8D11-00A0C91BC942}") = "Stack", "Stack\Stack.vcxproj", "{48262D43-0079-46C2-AED3-E4A3F3C0E513}"
EndProject
Global
	GlobalSection(SolutionConfigurationPlatforms) = preSolution
		Debug|x64 = Debug|x64
		Debug|x86 = Debug|x86
		Release|x64 = Release|x64
		Release|x86 = Release|x86
	EndGlobalSection
	GlobalSection(ProjectConfigurationPlatforms) = postSolution
		{37A2B0BE-2677-4B85-9BC8-C1328726204E}.Debug|x64.ActiveCfg = Debug|x64
		{37A2B0BE-2677-4B85-9BC8-C1328726204E}.Debug|x64.Build.0 = Debug|x64
		{37A2B0BE-2677-4B85-9BC8-C1328726204E}.Debug|x86.ActiveCfg = Debug|Win32
		{37A2B0BE-2677-4B85-9BC8-C1328726204E}.Debug|x86.Build.0 = Debug|Win32
		{37A2B0BE-2677-4B85-9BC8-C1328726204E}.Release|x64.ActiveCfg = Release|x64
		{37A2B0BE-2677-4B85-9BC8-C1328726204E}.Release|x64.Build.0 = Release|x64
		{37A2B0BE-2677-4B85-9BC8-C1328726204E}.Release|x86.ActiveCfg = Release|Win32
		{37A2B0BE-2677-4B85-9BC8-C1328726204E}.Release|x86.Build.0 = Release|Win32
		{758F8DC6-8022-449C-9ADF-D87CE203132C}.Debug|x64.ActiveCfg = Debug|x64
		{758F8DC6-8022-449C-9ADF-D87CE203132C}.Debug|x64.Build.0 = Debug|x64
		{758F8DC6-8022-449C-9ADF-D87CE203132C}.Debug|x86.ActiveCfg = Debug|Win32
		{758F8DC6-8022-449C-9ADF-D87CE203132C}.Debug|x86.Build.0 = Debug|Win32
		{758F8DC6-8022-449C-9ADF-D87CE203132C}.Release|x64.ActiveCfg = Release|x64
		{758F8DC6-8022-449C-9ADF-D87CE203132C}.Release|x64.Build.0 = Release|x64
		{758F8DC6-8022-449C-9ADF-D87CE203132C}.Release|x86.ActiveCfg = Release|Win32
		{758F8DC6-8022-449C-9ADF-D87CE203132C}.Release|x86.Build.0 = Release|Win32
		{7EB70650-3F2D-4719-8124-0B4DFC2025B8}.Debug|x64.ActiveCfg = Debug|x64
		{7EB70650-3F2D-4719-8124-0B4DFC2025B8}.Debug|x64.Build.0 = Debug|x64
		{7EB70650-3F2D-4719-8124-0B4DFC2025B8}.Debug|x86.ActiveCfg = Debug|Win32
		{7EB70650-3F2D-4719-8124-0B4DFC2025B8}.Debug|x86.Build.0 = Debug|Win32
		{7EB70650-3F2D-4719-8124-0B4DFC2025B8}.Release|x64.ActiveCfg = Release|x64
		{7EB70650-3F2D-4719-8124-0B4DFC2025B8}.Release|x64.Build.0 = Release|x64
		{7EB70650-3F2D-4719-8124-0B4DFC2025B8}.Release|x86.ActiveCfg = Release|Win32
		{7EB70650-3F2D-4719-8124-0B4DFC2025B8}.Release|x86.Build.0 = Release|Win32
		{85A90BE4-8F44-4833-829E-46E1FB3E2343}.Debug|x64.ActiveCfg = Debug|x64
		{85A90BE4-8F44-4833-829E-46E1FB3E2343}.Debug|x64.Build.0 = Debug|x64
		{85A90BE4-8F44-4833-829E-46E1FB3E2343}.Debug|x86.ActiveCfg = Debug|Win32
		{85A90BE4-8F44-4833-829E-46E1FB3E2343}.Debug|x86.Build.0 = Debug|Win32
		{85A90BE4-8F44-4833-829E-46E1FB3E2343}.Release|x64.ActiveCfg = Release|x64
		{85A90BE4-8F44-4833-829E-46E1FB3E2343}.Release|x64.Build.0 = Release|x64
		{85A90BE4-8F44-4833-829E-46E1FB3E2343}.Release|x86.ActiveCfg = Release|Win32
		{85A90BE4-8F44-4833-829E-46E1FB3E2343}.Release|x86.Build.0 = Release|Win32
		{48262D43-0079-46C2-AED3-E4A3F3C0E513}.Debug|x64.ActiveCfg = Debug|x64
		{48262D43-0079-46C2-AED3-E4A3F3C0E513}.Debug|x64.Build.0 = Debug|x64
		{48262D43-0079-46C2-AED3-E4A3F3C0E513}.Debug|x86.ActiveCfg = Debug|Win32
		{48262D43-0079-46C2-AED3-E4A3F3C0E513}.Debug|x86.Build.0 = Debug|Win32
		{48262D43-0079-46C2-AED3-E4A3F3C0E513}.Release|x64.ActiveCfg = Release|x64
		{48262D43-0079-46C2-AED3-E4A3F3C0E513}.Release|x64.Build.0 = Release|x64
		{48262D43-0079-46C2-AED3-E4A3F3C0E513}.Release|x86.ActiveCfg = Release|Win32
		{48262D43-0079-46C2-AED3-E4A3F3C0E513}.Release|x86.Build.0 = Release|Win32
	EndGlobalSection
	GlobalSection(SolutionProperties) = preSolution
		HideSolutionNode = FALSE
	EndGlobalSection
	GlobalSection(ExtensibilityGlobals) = postSolution
		SolutionGuid = {5C7BA366-76F4-43B1-9A96-142074D7675E}
	EndGlobalSection
EndGlobal
